# This file is autogenerated, do not edit; changes may be undone by the next 'dep ensure'.


[[projects]]
  branch = "master"
  digest = "1:62bb5466c11052a56b9c5bd962735b20f15619fd17f126a48f68ad19d9bedbfb"
  name = "github.com/prologic/go-gopher"
  packages = ["."]
  pruneopts = "UT"
  revision = "0c68ed5f58b027cbd56d529973464e9e840952b3"

[[projects]]
  branch = "master"
  digest = "1:76ee51c3f468493aff39dbacc401e8831fbb765104cbf613b89bef01cf4bad70"
  name = "golang.org/x/net"
  packages = ["context"]
  pruneopts = "UT"
  revision = "92fc7df08ae7536330f5a21328292abfa70520a8"

[solve-meta]
  analyzer-name = "dep"
  analyzer-version = 1
  input-imports = ["github.com/prologic/go-gopher"]
  solver-name = "gps-cdcl"
  solver-version = 1
